
Microsoft Visual Studio Solution File, Format Version 12.00
# Visual Studio Version 16
VisualStudioVersion = 16.0.33214.272
MinimumVisualStudioVersion = 10.0.40219.1
Project("{E24C65DC-7377-472B-9ABA-BC803B73C61A}") = "kibbs", "..\..\..\Repos\kibbs\", "{38EEE0CC-FE23-48DF-9675-8D945FAC40E9}"
	ProjectSection(WebsiteProperties) = preProject
		TargetFrameworkMoniker = ".NETFramework,Version%3Dv4.0"
		Debug.AspNetCompiler.VirtualPath = "/localhost_52614"
		Debug.AspNetCompiler.PhysicalPath = "..\..\..\Repos\kibbs\"
		Debug.AspNetCompiler.TargetPath = "PrecompiledWeb\localhost_52614\"
		Debug.AspNetCompiler.Updateable = "true"
		Debug.AspNetCompiler.ForceOverwrite = "true"
		Debug.AspNetCompiler.FixedNames = "false"
		Debug.AspNetCompiler.Debug = "True"
		Release.AspNetCompiler.VirtualPath = "/localhost_52614"
		Release.AspNetCompiler.PhysicalPath = "..\..\..\Repos\kibbs\"
		Release.AspNetCompiler.TargetPath = "PrecompiledWeb\localhost_52614\"
		Release.AspNetCompiler.Updateable = "true"
		Release.AspNetCompiler.ForceOverwrite = "true"
		Release.AspNetCompiler.FixedNames = "false"
		Release.AspNetCompiler.Debug = "False"
		VWDPort = "52614"
		SlnRelativePath = "..\..\..\Repos\kibbs\"
	EndProjectSection
EndProject
Global
	GlobalSection(SolutionConfigurationPlatforms) = preSolution
		Debug|Any CPU = Debug|Any CPU
	EndGlobalSection
	GlobalSection(ProjectConfigurationPlatforms) = postSolution
		{38EEE0CC-FE23-48DF-9675-8D945FAC40E9}.Debug|Any CPU.ActiveCfg = Debug|Any CPU
		{38EEE0CC-FE23-48DF-9675-8D945FAC40E9}.Debug|Any CPU.Build.0 = Debug|Any CPU
	EndGlobalSection
	GlobalSection(SolutionProperties) = preSolution
		HideSolutionNode = FALSE
	EndGlobalSection
	GlobalSection(ExtensibilityGlobals) = postSolution
		SolutionGuid = {87193253-A08D-417A-A23E-8D95C397E9E0}
	EndGlobalSection
EndGlobal
